
Microsoft Visual Studio Solution File, Format Version 12.00
# Visual Studio Version 17
VisualStudioVersion = 17.5.33516.290
MinimumVisualStudioVersion = 10.0.40219.1
Project("{FAE04EC0-301F-11D3-BF4B-00C04F79EFBC}") = "Task_4_PolessUP", "Task_4_PolessUP\Task_4_PolessUP.csproj", "{61ED2E5D-75E3-4C93-96D6-AD3DF72EA079}"
EndProject
Global
	GlobalSection(SolutionConfigurationPlatforms) = preSolution
		Debug|Any CPU = Debug|Any CPU
		Release|Any CPU = Release|Any CPU
	EndGlobalSection
	GlobalSection(ProjectConfigurationPlatforms) = postSolution
		{61ED2E5D-75E3-4C93-96D6-AD3DF72EA079}.Debug|Any CPU.ActiveCfg = Debug|Any CPU
		{61ED2E5D-75E3-4C93-96D6-AD3DF72EA079}.Debug|Any CPU.Build.0 = Debug|Any CPU
		{61ED2E5D-75E3-4C93-96D6-AD3DF72EA079}.Release|Any CPU.ActiveCfg = Release|Any CPU
		{61ED2E5D-75E3-4C93-96D6-AD3DF72EA079}.Release|Any CPU.Build.0 = Release|Any CPU
	EndGlobalSection
	GlobalSection(SolutionProperties) = preSolution
		HideSolutionNode = FALSE
	EndGlobalSection
	GlobalSection(ExtensibilityGlobals) = postSolution
		SolutionGuid = {3F8EAC7E-A419-4851-97C7-98385385B939}
	EndGlobalSection
EndGlobal
